// !$*UTF8*$!
{
	archiveVersion = 1;
	classes = {
	};
	objectVersion = 52;
	objects = {

/* Begin PBXBuildFile section */
		D916027426B9AD5A0069CE5E /* MainMapView.swift in Sources */ = {isa = PBXBuildFile; fileRef = D916027326B9AD5A0069CE5E /* MainMapView.swift */; };
		D916027626B9AEB20069CE5E /* CardView.swift in Sources */ = {isa = PBXBuildFile; fileRef = D916027526B9AEB20069CE5E /* CardView.swift */; };
		D916027826B9AF380069CE5E /* LosAlMapView.swift in Sources */ = {isa = PBXBuildFile; fileRef = D916027726B9AF380069CE5E /* LosAlMapView.swift */; };
		D916027A26B9C3920069CE5E /* DelanoPic.swift in Sources */ = {isa = PBXBuildFile; fileRef = D916027926B9C3920069CE5E /* DelanoPic.swift */; };
		D920B00C281AEE99001EBF82 /* NewMapView.swift in Sources */ = {isa = PBXBuildFile; fileRef = D920B00B281AEE99001EBF82 /* NewMapView.swift */; };
		D953816726BEF26F001319AC /* DelanoMap.swift in Sources */ = {isa = PBXBuildFile; fileRef = D953816626BEF26F001319AC /* DelanoMap.swift */; };
		D953816926BEF582001319AC /* HawkinsMap.swift in Sources */ = {isa = PBXBuildFile; fileRef = D953816826BEF582001319AC /* HawkinsMap.swift */; };
		D953816B26BF0170001319AC /* WarrenMap.swift in Sources */ = {isa = PBXBuildFile; fileRef = D953816A26BF0170001319AC /* WarrenMap.swift */; };
		D953816D26BF4F74001319AC /* NorthRiverMap.swift in Sources */ = {isa = PBXBuildFile; fileRef = D953816C26BF4F74001319AC /* NorthRiverMap.swift */; };
		D96E428D27FF340D001DFC84 /* FirebaseAnalytics in Frameworks */ = {isa = PBXBuildFile; productRef = D96E428C27FF340D001DFC84 /* FirebaseAnalytics */; };
		D96E428F27FF340D001DFC84 /* FirebaseAuth in Frameworks */ = {isa = PBXBuildFile; productRef = D96E428E27FF340D001DFC84 /* FirebaseAuth */; };
		D96E429127FF340D001DFC84 /* FirebaseFirestore in Frameworks */ = {isa = PBXBuildFile; productRef = D96E429027FF340D001DFC84 /* FirebaseFirestore */; };
		D96E429327FF340D001DFC84 /* FirebaseFirestoreSwift-Beta in Frameworks */ = {isa = PBXBuildFile; productRef = D96E429227FF340D001DFC84 /* FirebaseFirestoreSwift-Beta */; };
		D97E6EC02805D0DA00AD1CFC /* CardScrollView.swift in Sources */ = {isa = PBXBuildFile; fileRef = D97E6EBF2805D0DA00AD1CFC /* CardScrollView.swift */; };
		D98B5840268A3C5D00F11DBE /* locationsEJCase.json in Resources */ = {isa = PBXBuildFile; fileRef = D98B583F268A3C5D00F11DBE /* locationsEJCase.json */; };
		D98B5844268A3D0A00F11DBE /* LocationModel.swift in Sources */ = {isa = PBXBuildFile; fileRef = D98B5843268A3D0A00F11DBE /* LocationModel.swift */; };
		D992347928062C5700926F2E /* CardViewModel.swift in Sources */ = {isa = PBXBuildFile; fileRef = D992347828062C5700926F2E /* CardViewModel.swift */; };
		D993708F2912D23700DB7077 /* InfoPopupView.swift in Sources */ = {isa = PBXBuildFile; fileRef = D993708E2912D23700DB7077 /* InfoPopupView.swift */; };
		D996921B2880C3E700C6E296 /* Localizable.strings in Resources */ = {isa = PBXBuildFile; fileRef = D996921A2880C3E700C6E296 /* Localizable.strings */; };
		D99B559726D409EA00773CBE /* CardModel.swift in Sources */ = {isa = PBXBuildFile; fileRef = D99B559626D409EA00773CBE /* CardModel.swift */; };
		D9AC1EC4268B9FBA0080C9F3 /* CiteSheetView.swift in Sources */ = {isa = PBXBuildFile; fileRef = D9AC1EC3268B9FBA0080C9F3 /* CiteSheetView.swift */; };
		D9AED33A2862158000591D6E /* MapViewModel.swift in Sources */ = {isa = PBXBuildFile; fileRef = D9AED3392862158000591D6E /* MapViewModel.swift */; };
		D9AED33C2862184900591D6E /* NewLocationModel.swift in Sources */ = {isa = PBXBuildFile; fileRef = D9AED33B2862184900591D6E /* NewLocationModel.swift */; };
		D9BAD44E286A4F0A00ED5B6B /* MapLocationModal.swift in Sources */ = {isa = PBXBuildFile; fileRef = D9BAD44D286A4F0A00ED5B6B /* MapLocationModal.swift */; };
		D9DE909228A55D00006F07C3 /* HomeScreenButtonModifier .swift in Sources */ = {isa = PBXBuildFile; fileRef = D9DE909128A55D00006F07C3 /* HomeScreenButtonModifier .swift */; };
		D9DE909428A568D9006F07C3 /* BackgroundImageModifier.swift in Sources */ = {isa = PBXBuildFile; fileRef = D9DE909328A568D9006F07C3 /* BackgroundImageModifier.swift */; };
		D9DE909628A56986006F07C3 /* Extensions.swift in Sources */ = {isa = PBXBuildFile; fileRef = D9DE909528A56986006F07C3 /* Extensions.swift */; };
		D9DE909828AAADF5006F07C3 /* Home-ButtonStyle.swift in Sources */ = {isa = PBXBuildFile; fileRef = D9DE909728AAADF5006F07C3 /* Home-ButtonStyle.swift */; };
		D9F4AD332673C15E001FDE22 /* EnvironmentalJusticeReadOnlyApp.swift in Sources */ = {isa = PBXBuildFile; fileRef = D9F4AD322673C15E001FDE22 /* EnvironmentalJusticeReadOnlyApp.swift */; };
		D9F4AD352673C15E001FDE22 /* ContentView.swift in Sources */ = {isa = PBXBuildFile; fileRef = D9F4AD342673C15E001FDE22 /* ContentView.swift */; };
		D9F4AD372673C161001FDE22 /* Assets.xcassets in Resources */ = {isa = PBXBuildFile; fileRef = D9F4AD362673C161001FDE22 /* Assets.xcassets */; };
		D9F4AD3A2673C161001FDE22 /* Preview Assets.xcassets in Resources */ = {isa = PBXBuildFile; fileRef = D9F4AD392673C161001FDE22 /* Preview Assets.xcassets */; };
		D9F4AD422673C28D001FDE22 /* GoogleService-Info.plist in Resources */ = {isa = PBXBuildFile; fileRef = D9F4AD412673C28C001FDE22 /* GoogleService-Info.plist */; };
		D9F4AD482673C640001FDE22 /* CaseRepositoryTwo.swift in Sources */ = {isa = PBXBuildFile; fileRef = D9F4AD472673C640001FDE22 /* CaseRepositoryTwo.swift */; };
		D9F4AD4A2673C663001FDE22 /* CasesModel.swift in Sources */ = {isa = PBXBuildFile; fileRef = D9F4AD492673C663001FDE22 /* CasesModel.swift */; };
		D9F4AD4C2673C7C5001FDE22 /* CaseListViewModel.swift in Sources */ = {isa = PBXBuildFile; fileRef = D9F4AD4B2673C7C5001FDE22 /* CaseListViewModel.swift */; };
		D9F4AD4E2673C7CE001FDE22 /* CaseCellViewModel.swift in Sources */ = {isa = PBXBuildFile; fileRef = D9F4AD4D2673C7CE001FDE22 /* CaseCellViewModel.swift */; };
		D9F4AD502673D34B001FDE22 /* USCasesListView.swift in Sources */ = {isa = PBXBuildFile; fileRef = D9F4AD4F2673D34B001FDE22 /* USCasesListView.swift */; };
		D9F4AD522673D478001FDE22 /* ejDefCitations.swift in Sources */ = {isa = PBXBuildFile; fileRef = D9F4AD512673D478001FDE22 /* ejDefCitations.swift */; };
		D9F4AD542673D4A8001FDE22 /* EJTitleView.swift in Sources */ = {isa = PBXBuildFile; fileRef = D9F4AD532673D4A8001FDE22 /* EJTitleView.swift */; };
/* End PBXBuildFile section */

/* Begin PBXFileReference section */
		D916027326B9AD5A0069CE5E /* MainMapView.swift */ = {isa = PBXFileReference; lastKnownFileType = sourcecode.swift; path = MainMapView.swift; sourceTree = "<group>"; };
		D916027526B9AEB20069CE5E /* CardView.swift */ = {isa = PBXFileReference; lastKnownFileType = sourcecode.swift; path = CardView.swift; sourceTree = "<group>"; };
		D916027726B9AF380069CE5E /* LosAlMapView.swift */ = {isa = PBXFileReference; lastKnownFileType = sourcecode.swift; path = LosAlMapView.swift; sourceTree = "<group>"; };
		D916027926B9C3920069CE5E /* DelanoPic.swift */ = {isa = PBXFileReference; lastKnownFileType = sourcecode.swift; path = DelanoPic.swift; sourceTree = "<group>"; };
		D920B00B281AEE99001EBF82 /* NewMapView.swift */ = {isa = PBXFileReference; lastKnownFileType = sourcecode.swift; path = NewMapView.swift; sourceTree = "<group>"; };
		D93E18E7269F802C004AB4D9 /* EnvironmentalJusticeReadOnlyTests.swift */ = {isa = PBXFileReference; lastKnownFileType = sourcecode.swift; path = EnvironmentalJusticeReadOnlyTests.swift; sourceTree = "<group>"; };
		D93E18E9269F802C004AB4D9 /* Info.plist */ = {isa = PBXFileReference; lastKnownFileType = text.plist.xml; path = Info.plist; sourceTree = "<group>"; };
		D953816626BEF26F001319AC /* DelanoMap.swift */ = {isa = PBXFileReference; lastKnownFileType = sourcecode.swift; path = DelanoMap.swift; sourceTree = "<group>"; };
		D953816826BEF582001319AC /* HawkinsMap.swift */ = {isa = PBXFileReference; lastKnownFileType = sourcecode.swift; path = HawkinsMap.swift; sourceTree = "<group>"; };
		D953816A26BF0170001319AC /* WarrenMap.swift */ = {isa = PBXFileReference; lastKnownFileType = sourcecode.swift; path = WarrenMap.swift; sourceTree = "<group>"; };
		D953816C26BF4F74001319AC /* NorthRiverMap.swift */ = {isa = PBXFileReference; lastKnownFileType = sourcecode.swift; path = NorthRiverMap.swift; sourceTree = "<group>"; };
		D97E6EBF2805D0DA00AD1CFC /* CardScrollView.swift */ = {isa = PBXFileReference; lastKnownFileType = sourcecode.swift; path = CardScrollView.swift; sourceTree = "<group>"; };
		D98B583F268A3C5D00F11DBE /* locationsEJCase.json */ = {isa = PBXFileReference; lastKnownFileType = text.json; path = locationsEJCase.json; sourceTree = "<group>"; };
		D98B5843268A3D0A00F11DBE /* LocationModel.swift */ = {isa = PBXFileReference; lastKnownFileType = sourcecode.swift; path = LocationModel.swift; sourceTree = "<group>"; };
		D992347828062C5700926F2E /* CardViewModel.swift */ = {isa = PBXFileReference; lastKnownFileType = sourcecode.swift; path = CardViewModel.swift; sourceTree = "<group>"; };
		D993708E2912D23700DB7077 /* InfoPopupView.swift */ = {isa = PBXFileReference; lastKnownFileType = sourcecode.swift; path = InfoPopupView.swift; sourceTree = "<group>"; };
		D996921A2880C3E700C6E296 /* Localizable.strings */ = {isa = PBXFileReference; lastKnownFileType = text.plist.strings; path = Localizable.strings; sourceTree = "<group>"; };
		D99B559626D409EA00773CBE /* CardModel.swift */ = {isa = PBXFileReference; lastKnownFileType = sourcecode.swift; name = CardModel.swift; path = EnvironmentalJusticeReadOnly/Model/CardModel.swift; sourceTree = SOURCE_ROOT; };
		D9AC1EC3268B9FBA0080C9F3 /* CiteSheetView.swift */ = {isa = PBXFileReference; lastKnownFileType = sourcecode.swift; path = CiteSheetView.swift; sourceTree = "<group>"; };
		D9AED3392862158000591D6E /* MapViewModel.swift */ = {isa = PBXFileReference; lastKnownFileType = sourcecode.swift; path = MapViewModel.swift; sourceTree = "<group>"; };
		D9AED33B2862184900591D6E /* NewLocationModel.swift */ = {isa = PBXFileReference; lastKnownFileType = sourcecode.swift; path = NewLocationModel.swift; sourceTree = "<group>"; };
		D9BAD44D286A4F0A00ED5B6B /* MapLocationModal.swift */ = {isa = PBXFileReference; lastKnownFileType = sourcecode.swift; path = MapLocationModal.swift; sourceTree = "<group>"; };
		D9DE909128A55D00006F07C3 /* HomeScreenButtonModifier .swift */ = {isa = PBXFileReference; lastKnownFileType = sourcecode.swift; path = "HomeScreenButtonModifier .swift"; sourceTree = "<group>"; };
		D9DE909328A568D9006F07C3 /* BackgroundImageModifier.swift */ = {isa = PBXFileReference; lastKnownFileType = sourcecode.swift; path = BackgroundImageModifier.swift; sourceTree = "<group>"; };
		D9DE909528A56986006F07C3 /* Extensions.swift */ = {isa = PBXFileReference; lastKnownFileType = sourcecode.swift; path = Extensions.swift; sourceTree = "<group>"; };
		D9DE909728AAADF5006F07C3 /* Home-ButtonStyle.swift */ = {isa = PBXFileReference; lastKnownFileType = sourcecode.swift; path = "Home-ButtonStyle.swift"; sourceTree = "<group>"; };
		D9F4AD2F2673C15E001FDE22 /* EnvironmentalJusticeReadOnly.app */ = {isa = PBXFileReference; explicitFileType = wrapper.application; includeInIndex = 0; path = EnvironmentalJusticeReadOnly.app; sourceTree = BUILT_PRODUCTS_DIR; };
		D9F4AD322673C15E001FDE22 /* EnvironmentalJusticeReadOnlyApp.swift */ = {isa = PBXFileReference; lastKnownFileType = sourcecode.swift; path = EnvironmentalJusticeReadOnlyApp.swift; sourceTree = "<group>"; };
		D9F4AD342673C15E001FDE22 /* ContentView.swift */ = {isa = PBXFileReference; lastKnownFileType = sourcecode.swift; path = ContentView.swift; sourceTree = "<group>"; };
		D9F4AD362673C161001FDE22 /* Assets.xcassets */ = {isa = PBXFileReference; lastKnownFileType = folder.assetcatalog; path = Assets.xcassets; sourceTree = "<group>"; };
		D9F4AD392673C161001FDE22 /* Preview Assets.xcassets */ = {isa = PBXFileReference; lastKnownFileType = folder.assetcatalog; path = "Preview Assets.xcassets"; sourceTree = "<group>"; };
		D9F4AD3B2673C161001FDE22 /* Info.plist */ = {isa = PBXFileReference; lastKnownFileType = text.plist.xml; path = Info.plist; sourceTree = "<group>"; };
		D9F4AD412673C28C001FDE22 /* GoogleService-Info.plist */ = {isa = PBXFileReference; fileEncoding = 4; lastKnownFileType = text.plist.xml; path = "GoogleService-Info.plist"; sourceTree = "<group>"; };
		D9F4AD472673C640001FDE22 /* CaseRepositoryTwo.swift */ = {isa = PBXFileReference; lastKnownFileType = sourcecode.swift; path = CaseRepositoryTwo.swift; sourceTree = "<group>"; };
		D9F4AD492673C663001FDE22 /* CasesModel.swift */ = {isa = PBXFileReference; lastKnownFileType = sourcecode.swift; path = CasesModel.swift; sourceTree = "<group>"; };
		D9F4AD4B2673C7C5001FDE22 /* CaseListViewModel.swift */ = {isa = PBXFileReference; lastKnownFileType = sourcecode.swift; path = CaseListViewModel.swift; sourceTree = "<group>"; };
		D9F4AD4D2673C7CE001FDE22 /* CaseCellViewModel.swift */ = {isa = PBXFileReference; lastKnownFileType = sourcecode.swift; path = CaseCellViewModel.swift; sourceTree = "<group>"; };
		D9F4AD4F2673D34B001FDE22 /* USCasesListView.swift */ = {isa = PBXFileReference; lastKnownFileType = sourcecode.swift; path = USCasesListView.swift; sourceTree = "<group>"; };
		D9F4AD512673D478001FDE22 /* ejDefCitations.swift */ = {isa = PBXFileReference; lastKnownFileType = sourcecode.swift; path = ejDefCitations.swift; sourceTree = "<group>"; };
		D9F4AD532673D4A8001FDE22 /* EJTitleView.swift */ = {isa = PBXFileReference; lastKnownFileType = sourcecode.swift; path = EJTitleView.swift; sourceTree = "<group>"; };
/* End PBXFileReference section */

/* Begin PBXFrameworksBuildPhase section */
		D9F4AD2C2673C15E001FDE22 /* Frameworks */ = {
			isa = PBXFrameworksBuildPhase;
			buildActionMask = 2147483647;
			files = (
				D96E428D27FF340D001DFC84 /* FirebaseAnalytics in Frameworks */,
				D96E429127FF340D001DFC84 /* FirebaseFirestore in Frameworks */,
				D96E429327FF340D001DFC84 /* FirebaseFirestoreSwift-Beta in Frameworks */,
				D96E428F27FF340D001DFC84 /* FirebaseAuth in Frameworks */,
			);
			runOnlyForDeploymentPostprocessing = 0;
		};
/* End PBXFrameworksBuildPhase section */

/* Begin PBXGroup section */
		D93E18E6269F802C004AB4D9 /* EnvironmentalJusticeReadOnlyTests */ = {
			isa = PBXGroup;
			children = (
				D93E18E7269F802C004AB4D9 /* EnvironmentalJusticeReadOnlyTests.swift */,
				D93E18E9269F802C004AB4D9 /* Info.plist */,
			);
			path = EnvironmentalJusticeReadOnlyTests;
			sourceTree = "<group>";
		};
		D9DE908D28A43383006F07C3 /* Legacy */ = {
			isa = PBXGroup;
			children = (
				D916027526B9AEB20069CE5E /* CardView.swift */,
				D953816626BEF26F001319AC /* DelanoMap.swift */,
				D916027926B9C3920069CE5E /* DelanoPic.swift */,
				D953816826BEF582001319AC /* HawkinsMap.swift */,
				D916027726B9AF380069CE5E /* LosAlMapView.swift */,
				D916027326B9AD5A0069CE5E /* MainMapView.swift */,
				D953816C26BF4F74001319AC /* NorthRiverMap.swift */,
				D953816A26BF0170001319AC /* WarrenMap.swift */,
			);
			path = Legacy;
			sourceTree = "<group>";
		};
		D9DE909028A55CA8006F07C3 /* Modifiers */ = {
			isa = PBXGroup;
			children = (
				D9DE909128A55D00006F07C3 /* HomeScreenButtonModifier .swift */,
				D9DE909528A56986006F07C3 /* Extensions.swift */,
				D9DE909728AAADF5006F07C3 /* Home-ButtonStyle.swift */,
				D9DE909328A568D9006F07C3 /* BackgroundImageModifier.swift */,
			);
			path = Modifiers;
			sourceTree = "<group>";
		};
		D9F4AD262673C15E001FDE22 = {
			isa = PBXGroup;
			children = (
				D9F4AD312673C15E001FDE22 /* EnvironmentalJusticeReadOnly */,
				D93E18E6269F802C004AB4D9 /* EnvironmentalJusticeReadOnlyTests */,
				D9F4AD302673C15E001FDE22 /* Products */,
			);
			sourceTree = "<group>";
		};
		D9F4AD302673C15E001FDE22 /* Products */ = {
			isa = PBXGroup;
			children = (
				D9F4AD2F2673C15E001FDE22 /* EnvironmentalJusticeReadOnly.app */,
			);
			name = Products;
			sourceTree = "<group>";
		};
		D9F4AD312673C15E001FDE22 /* EnvironmentalJusticeReadOnly */ = {
			isa = PBXGroup;
			children = (
				D9F4AD362673C161001FDE22 /* Assets.xcassets */,
				D9F4AD322673C15E001FDE22 /* EnvironmentalJusticeReadOnlyApp.swift */,
				D9F4AD412673C28C001FDE22 /* GoogleService-Info.plist */,
				D9F4AD3B2673C161001FDE22 /* Info.plist */,
				D9DE908D28A43383006F07C3 /* Legacy */,
				D9DE909028A55CA8006F07C3 /* Modifiers */,
				D9F4AD462673C61A001FDE22 /* Model */,
				D9F4AD382673C161001FDE22 /* Preview Content */,
				D9F4AD432673C60A001FDE22 /* Repository */,
				D9F4AD442673C60E001FDE22 /* View */,
				D9F4AD452673C617001FDE22 /* ViewModel */,
			);
			path = EnvironmentalJusticeReadOnly;
			sourceTree = "<group>";
		};
		D9F4AD382673C161001FDE22 /* Preview Content */ = {
			isa = PBXGroup;
			children = (
				D9F4AD392673C161001FDE22 /* Preview Assets.xcassets */,
			);
			path = "Preview Content";
			sourceTree = "<group>";
		};
		D9F4AD432673C60A001FDE22 /* Repository */ = {
			isa = PBXGroup;
			children = (
				D9F4AD472673C640001FDE22 /* CaseRepositoryTwo.swift */,
			);
			path = Repository;
			sourceTree = "<group>";
		};
		D9F4AD442673C60E001FDE22 /* View */ = {
			isa = PBXGroup;
			children = (
				D97E6EBF2805D0DA00AD1CFC /* CardScrollView.swift */,
				D9BAD44D286A4F0A00ED5B6B /* MapLocationModal.swift */,
				D9AC1EC3268B9FBA0080C9F3 /* CiteSheetView.swift */,
				D9F4AD342673C15E001FDE22 /* ContentView.swift */,
				D993708E2912D23700DB7077 /* InfoPopupView.swift */,
				D9F4AD532673D4A8001FDE22 /* EJTitleView.swift */,
				D920B00B281AEE99001EBF82 /* NewMapView.swift */,
				D9F4AD4F2673D34B001FDE22 /* USCasesListView.swift */,
			);
			path = View;
			sourceTree = "<group>";
		};
		D9F4AD452673C617001FDE22 /* ViewModel */ = {
			isa = PBXGroup;
			children = (
				D992347828062C5700926F2E /* CardViewModel.swift */,
				D9F4AD4D2673C7CE001FDE22 /* CaseCellViewModel.swift */,
				D9F4AD4B2673C7C5001FDE22 /* CaseListViewModel.swift */,
				D9AED3392862158000591D6E /* MapViewModel.swift */,
			);
			path = ViewModel;
			sourceTree = "<group>";
		};
		D9F4AD462673C61A001FDE22 /* Model */ = {
			isa = PBXGroup;
			children = (
				D9F4AD492673C663001FDE22 /* CasesModel.swift */,
				D98B5843268A3D0A00F11DBE /* LocationModel.swift */,
				D9AED33B2862184900591D6E /* NewLocationModel.swift */,
				D98B583F268A3C5D00F11DBE /* locationsEJCase.json */,
				D99B559626D409EA00773CBE /* CardModel.swift */,
				D9F4AD512673D478001FDE22 /* ejDefCitations.swift */,
				D996921A2880C3E700C6E296 /* Localizable.strings */,
			);
			path = Model;
			sourceTree = "<group>";
		};
/* End PBXGroup section */

/* Begin PBXNativeTarget section */
		D9F4AD2E2673C15E001FDE22 /* EnvironmentalJusticeReadOnly */ = {
			isa = PBXNativeTarget;
			buildConfigurationList = D9F4AD3E2673C161001FDE22 /* Build configuration list for PBXNativeTarget "EnvironmentalJusticeReadOnly" */;
			buildPhases = (
				D9F4AD2B2673C15E001FDE22 /* Sources */,
				D9F4AD2C2673C15E001FDE22 /* Frameworks */,
				D9F4AD2D2673C15E001FDE22 /* Resources */,
			);
			buildRules = (
			);
			dependencies = (
			);
			name = EnvironmentalJusticeReadOnly;
			packageProductDependencies = (
				D96E428C27FF340D001DFC84 /* FirebaseAnalytics */,
				D96E428E27FF340D001DFC84 /* FirebaseAuth */,
				D96E429027FF340D001DFC84 /* FirebaseFirestore */,
				D96E429227FF340D001DFC84 /* FirebaseFirestoreSwift-Beta */,
			);
			productName = EnvironmentalJusticeReadOnly;
			productReference = D9F4AD2F2673C15E001FDE22 /* EnvironmentalJusticeReadOnly.app */;
			productType = "com.apple.product-type.application";
		};
/* End PBXNativeTarget section */

/* Begin PBXProject section */
		D9F4AD272673C15E001FDE22 /* Project object */ = {
			isa = PBXProject;
			attributes = {
				LastSwiftUpdateCheck = 1250;
				LastUpgradeCheck = 1250;
				TargetAttributes = {
					D9F4AD2E2673C15E001FDE22 = {
						CreatedOnToolsVersion = 12.5;
					};
				};
			};
			buildConfigurationList = D9F4AD2A2673C15E001FDE22 /* Build configuration list for PBXProject "EnvironmentalJusticeReadOnly" */;
			compatibilityVersion = "Xcode 9.3";
			developmentRegion = en;
			hasScannedForEncodings = 0;
			knownRegions = (
				en,
				Base,
				"es-419",
				es,
			);
			mainGroup = D9F4AD262673C15E001FDE22;
			packageReferences = (
				D96E428B27FF340D001DFC84 /* XCRemoteSwiftPackageReference "firebase-ios-sdk" */,
			);
			productRefGroup = D9F4AD302673C15E001FDE22 /* Products */;
			projectDirPath = "";
			projectRoot = "";
			targets = (
				D9F4AD2E2673C15E001FDE22 /* EnvironmentalJusticeReadOnly */,
			);
		};
/* End PBXProject section */

/* Begin PBXResourcesBuildPhase section */
		D9F4AD2D2673C15E001FDE22 /* Resources */ = {
			isa = PBXResourcesBuildPhase;
			buildActionMask = 2147483647;
			files = (
				D996921B2880C3E700C6E296 /* Localizable.strings in Resources */,
				D9F4AD422673C28D001FDE22 /* GoogleService-Info.plist in Resources */,
				D9F4AD3A2673C161001FDE22 /* Preview Assets.xcassets in Resources */,
				D9F4AD372673C161001FDE22 /* Assets.xcassets in Resources */,
				D98B5840268A3C5D00F11DBE /* locationsEJCase.json in Resources */,
			);
			runOnlyForDeploymentPostprocessing = 0;
		};
/* End PBXResourcesBuildPhase section */

/* Begin PBXSourcesBuildPhase section */
		D9F4AD2B2673C15E001FDE22 /* Sources */ = {
			isa = PBXSourcesBuildPhase;
			buildActionMask = 2147483647;
			files = (
				D9DE909228A55D00006F07C3 /* HomeScreenButtonModifier .swift in Sources */,
				D992347928062C5700926F2E /* CardViewModel.swift in Sources */,
				D953816726BEF26F001319AC /* DelanoMap.swift in Sources */,
				D9F4AD502673D34B001FDE22 /* USCasesListView.swift in Sources */,
				D97E6EC02805D0DA00AD1CFC /* CardScrollView.swift in Sources */,
				D9BAD44E286A4F0A00ED5B6B /* MapLocationModal.swift in Sources */,
				D993708F2912D23700DB7077 /* InfoPopupView.swift in Sources */,
				D9F4AD522673D478001FDE22 /* ejDefCitations.swift in Sources */,
				D9DE909628A56986006F07C3 /* Extensions.swift in Sources */,
				D9F4AD352673C15E001FDE22 /* ContentView.swift in Sources */,
				D98B5844268A3D0A00F11DBE /* LocationModel.swift in Sources */,
				D916027426B9AD5A0069CE5E /* MainMapView.swift in Sources */,
				D9DE909428A568D9006F07C3 /* BackgroundImageModifier.swift in Sources */,
				D9F4AD332673C15E001FDE22 /* EnvironmentalJusticeReadOnlyApp.swift in Sources */,
				D9F4AD542673D4A8001FDE22 /* EJTitleView.swift in Sources */,
				D916027826B9AF380069CE5E /* LosAlMapView.swift in Sources */,
				D9AED33C2862184900591D6E /* NewLocationModel.swift in Sources */,
				D9F4AD4E2673C7CE001FDE22 /* CaseCellViewModel.swift in Sources */,
				D99B559726D409EA00773CBE /* CardModel.swift in Sources */,
				D953816B26BF0170001319AC /* WarrenMap.swift in Sources */,
				D920B00C281AEE99001EBF82 /* NewMapView.swift in Sources */,
				D916027A26B9C3920069CE5E /* DelanoPic.swift in Sources */,
				D9AC1EC4268B9FBA0080C9F3 /* CiteSheetView.swift in Sources */,
				D9DE909828AAADF5006F07C3 /* Home-ButtonStyle.swift in Sources */,
				D953816926BEF582001319AC /* HawkinsMap.swift in Sources */,
				D9F4AD4C2673C7C5001FDE22 /* CaseListViewModel.swift in Sources */,
				D9F4AD4A2673C663001FDE22 /* CasesModel.swift in Sources */,
				D953816D26BF4F74001319AC /* NorthRiverMap.swift in Sources */,
				D9F4AD482673C640001FDE22 /* CaseRepositoryTwo.swift in Sources */,
				D916027626B9AEB20069CE5E /* CardView.swift in Sources */,
				D9AED33A2862158000591D6E /* MapViewModel.swift in Sources */,
			);
			runOnlyForDeploymentPostprocessing = 0;
		};
/* End PBXSourcesBuildPhase section */

/* Begin XCBuildConfiguration section */
		D9F4AD3C2673C161001FDE22 /* Debug */ = {
			isa = XCBuildConfiguration;
			buildSettings = {
				ALWAYS_SEARCH_USER_PATHS = NO;
				CLANG_ANALYZER_LOCALIZABILITY_NONLOCALIZED = YES;
				CLANG_ANALYZER_NONNULL = YES;
				CLANG_ANALYZER_NUMBER_OBJECT_CONVERSION = YES_AGGRESSIVE;
				CLANG_CXX_LANGUAGE_STANDARD = "gnu++14";
				CLANG_CXX_LIBRARY = "libc++";
				CLANG_ENABLE_MODULES = YES;
				CLANG_ENABLE_OBJC_ARC = YES;
				CLANG_ENABLE_OBJC_WEAK = YES;
				CLANG_WARN_BLOCK_CAPTURE_AUTORELEASING = YES;
				CLANG_WARN_BOOL_CONVERSION = YES;
				CLANG_WARN_COMMA = YES;
				CLANG_WARN_CONSTANT_CONVERSION = YES;
				CLANG_WARN_DEPRECATED_OBJC_IMPLEMENTATIONS = YES;
				CLANG_WARN_DIRECT_OBJC_ISA_USAGE = YES_ERROR;
				CLANG_WARN_DOCUMENTATION_COMMENTS = YES;
				CLANG_WARN_EMPTY_BODY = YES;
				CLANG_WARN_ENUM_CONVERSION = YES;
				CLANG_WARN_INFINITE_RECURSION = YES;
				CLANG_WARN_INT_CONVERSION = YES;
				CLANG_WARN_NON_LITERAL_NULL_CONVERSION = YES;
				CLANG_WARN_OBJC_IMPLICIT_RETAIN_SELF = YES;
				CLANG_WARN_OBJC_LITERAL_CONVERSION = YES;
				CLANG_WARN_OBJC_ROOT_CLASS = YES_ERROR;
				CLANG_WARN_QUOTED_INCLUDE_IN_FRAMEWORK_HEADER = YES;
				CLANG_WARN_RANGE_LOOP_ANALYSIS = YES;
				CLANG_WARN_STRICT_PROTOTYPES = YES;
				CLANG_WARN_SUSPICIOUS_MOVE = YES;
				CLANG_WARN_UNGUARDED_AVAILABILITY = YES_AGGRESSIVE;
				CLANG_WARN_UNREACHABLE_CODE = YES;
				CLANG_WARN__DUPLICATE_METHOD_MATCH = YES;
				COPY_PHASE_STRIP = NO;
				DEBUG_INFORMATION_FORMAT = dwarf;
				ENABLE_STRICT_OBJC_MSGSEND = YES;
				ENABLE_TESTABILITY = YES;
				GCC_C_LANGUAGE_STANDARD = gnu11;
				GCC_DYNAMIC_NO_PIC = NO;
				GCC_NO_COMMON_BLOCKS = YES;
				GCC_OPTIMIZATION_LEVEL = 0;
				GCC_PREPROCESSOR_DEFINITIONS = (
					"DEBUG=1",
					"$(inherited)",
				);
				GCC_WARN_64_TO_32_BIT_CONVERSION = YES;
				GCC_WARN_ABOUT_RETURN_TYPE = YES_ERROR;
				GCC_WARN_UNDECLARED_SELECTOR = YES;
				GCC_WARN_UNINITIALIZED_AUTOS = YES_AGGRESSIVE;
				GCC_WARN_UNUSED_FUNCTION = YES;
				GCC_WARN_UNUSED_VARIABLE = YES;
				HEADER_SEARCH_PATHS = "${SRCROOT}/Pods/Firebase/CoreOnly/Sources";
				IPHONEOS_DEPLOYMENT_TARGET = 14.5;
				MTL_ENABLE_DEBUG_INFO = INCLUDE_SOURCE;
				MTL_FAST_MATH = YES;
				ONLY_ACTIVE_ARCH = YES;
				SDKROOT = iphoneos;
				SWIFT_ACTIVE_COMPILATION_CONDITIONS = DEBUG;
				SWIFT_OPTIMIZATION_LEVEL = "-Onone";
			};
			name = Debug;
		};
		D9F4AD3D2673C161001FDE22 /* Release */ = {
			isa = XCBuildConfiguration;
			buildSettings = {
				ALWAYS_SEARCH_USER_PATHS = NO;
				CLANG_ANALYZER_LOCALIZABILITY_NONLOCALIZED = YES;
				CLANG_ANALYZER_NONNULL = YES;
				CLANG_ANALYZER_NUMBER_OBJECT_CONVERSION = YES_AGGRESSIVE;
				CLANG_CXX_LANGUAGE_STANDARD = "gnu++14";
				CLANG_CXX_LIBRARY = "libc++";
				CLANG_ENABLE_MODULES = YES;
				CLANG_ENABLE_OBJC_ARC = YES;
				CLANG_ENABLE_OBJC_WEAK = YES;
				CLANG_WARN_BLOCK_CAPTURE_AUTORELEASING = YES;
				CLANG_WARN_BOOL_CONVERSION = YES;
				CLANG_WARN_COMMA = YES;
				CLANG_WARN_CONSTANT_CONVERSION = YES;
				CLANG_WARN_DEPRECATED_OBJC_IMPLEMENTATIONS = YES;
				CLANG_WARN_DIRECT_OBJC_ISA_USAGE = YES_ERROR;
				CLANG_WARN_DOCUMENTATION_COMMENTS = YES;
				CLANG_WARN_EMPTY_BODY = YES;
				CLANG_WARN_ENUM_CONVERSION = YES;
				CLANG_WARN_INFINITE_RECURSION = YES;
				CLANG_WARN_INT_CONVERSION = YES;
				CLANG_WARN_NON_LITERAL_NULL_CONVERSION = YES;
				CLANG_WARN_OBJC_IMPLICIT_RETAIN_SELF = YES;
				CLANG_WARN_OBJC_LITERAL_CONVERSION = YES;
				CLANG_WARN_OBJC_ROOT_CLASS = YES_ERROR;
				CLANG_WARN_QUOTED_INCLUDE_IN_FRAMEWORK_HEADER = YES;
				CLANG_WARN_RANGE_LOOP_ANALYSIS = YES;
				CLANG_WARN_STRICT_PROTOTYPES = YES;
				CLANG_WARN_SUSPICIOUS_MOVE = YES;
				CLANG_WARN_UNGUARDED_AVAILABILITY = YES_AGGRESSIVE;
				CLANG_WARN_UNREACHABLE_CODE = YES;
				CLANG_WARN__DUPLICATE_METHOD_MATCH = YES;
				COPY_PHASE_STRIP = NO;
				DEBUG_INFORMATION_FORMAT = "dwarf-with-dsym";
				ENABLE_NS_ASSERTIONS = NO;
				ENABLE_STRICT_OBJC_MSGSEND = YES;
				GCC_C_LANGUAGE_STANDARD = gnu11;
				GCC_NO_COMMON_BLOCKS = YES;
				GCC_WARN_64_TO_32_BIT_CONVERSION = YES;
				GCC_WARN_ABOUT_RETURN_TYPE = YES_ERROR;
				GCC_WARN_UNDECLARED_SELECTOR = YES;
				GCC_WARN_UNINITIALIZED_AUTOS = YES_AGGRESSIVE;
				GCC_WARN_UNUSED_FUNCTION = YES;
				GCC_WARN_UNUSED_VARIABLE = YES;
				HEADER_SEARCH_PATHS = "${SRCROOT}/Pods/Firebase/CoreOnly/Sources";
				IPHONEOS_DEPLOYMENT_TARGET = 14.5;
				MTL_ENABLE_DEBUG_INFO = NO;
				MTL_FAST_MATH = YES;
				SDKROOT = iphoneos;
				SWIFT_COMPILATION_MODE = wholemodule;
				SWIFT_OPTIMIZATION_LEVEL = "-O";
				VALIDATE_PRODUCT = YES;
			};
			name = Release;
		};
		D9F4AD3F2673C161001FDE22 /* Debug */ = {
			isa = XCBuildConfiguration;
			buildSettings = {
				ASSETCATALOG_COMPILER_APPICON_NAME = AppIcon;
				ASSETCATALOG_COMPILER_GLOBAL_ACCENT_COLOR_NAME = AccentColor;
				CODE_SIGN_STYLE = Automatic;
				CURRENT_PROJECT_VERSION = 1;
				DEVELOPMENT_ASSET_PATHS = "\"EnvironmentalJusticeReadOnly/Preview Content\"";
				DEVELOPMENT_TEAM = 5C5CMQR2CZ;
				ENABLE_PREVIEWS = YES;
				HEADER_SEARCH_PATHS = (
					"$(inherited)",
					"\"${PODS_CONFIGURATION_BUILD_DIR}/BoringSSL-GRPC/openssl_grpc.framework/Headers\"",
					"\"${PODS_CONFIGURATION_BUILD_DIR}/FirebaseAuth/FirebaseAuth.framework/Headers\"",
					"\"${PODS_CONFIGURATION_BUILD_DIR}/FirebaseCore/FirebaseCore.framework/Headers\"",
					"\"${PODS_CONFIGURATION_BUILD_DIR}/FirebaseCoreDiagnostics/FirebaseCoreDiagnostics.framework/Headers\"",
					"\"${PODS_CONFIGURATION_BUILD_DIR}/FirebaseFirestore/FirebaseFirestore.framework/Headers\"",
					"\"${PODS_CONFIGURATION_BUILD_DIR}/FirebaseFirestoreSwift/FirebaseFirestoreSwift.framework/Headers\"",
					"\"${PODS_CONFIGURATION_BUILD_DIR}/FirebaseInstallations/FirebaseInstallations.framework/Headers\"",
					"\"${PODS_CONFIGURATION_BUILD_DIR}/GTMSessionFetcher/GTMSessionFetcher.framework/Headers\"",
					"\"${PODS_CONFIGURATION_BUILD_DIR}/GeoFire/GeoFire.framework/Headers\"",
					"\"${PODS_CONFIGURATION_BUILD_DIR}/GoogleDataTransport/GoogleDataTransport.framework/Headers\"",
					"\"${PODS_CONFIGURATION_BUILD_DIR}/GoogleUtilities/GoogleUtilities.framework/Headers\"",
					"\"${PODS_CONFIGURATION_BUILD_DIR}/PromisesObjC/FBLPromises.framework/Headers\"",
					"\"${PODS_CONFIGURATION_BUILD_DIR}/abseil/absl.framework/Headers\"",
					"\"${PODS_CONFIGURATION_BUILD_DIR}/gRPC-C++/grpcpp.framework/Headers\"",
					"\"${PODS_CONFIGURATION_BUILD_DIR}/gRPC-Core/grpc.framework/Headers\"",
					"\"${PODS_CONFIGURATION_BUILD_DIR}/leveldb-library/leveldb.framework/Headers\"",
					"\"${PODS_CONFIGURATION_BUILD_DIR}/nanopb/nanopb.framework/Headers\"",
					"\"${PODS_ROOT}/Headers/Public\"",
					"\"${PODS_ROOT}/Headers/Public/Firebase\"",
					"$(inherited)",
					"\"${PODS_TARGET_SRCROOT}/Sources/FBLPromises/include\"",
				);
				INFOPLIST_FILE = EnvironmentalJusticeReadOnly/Info.plist;
				IPHONEOS_DEPLOYMENT_TARGET = 14.0;
				LD_RUNPATH_SEARCH_PATHS = (
					"$(inherited)",
					"@executable_path/Frameworks",
				);
				MARKETING_VERSION = 1.1;
				PRODUCT_BUNDLE_IDENTIFIER = com.sasha.EnvironmentalJusticeReadOnly;
				PRODUCT_NAME = "$(TARGET_NAME)";
				SWIFT_VERSION = 5.0;
				TARGETED_DEVICE_FAMILY = 1;
			};
			name = Debug;
		};
		D9F4AD402673C161001FDE22 /* Release */ = {
			isa = XCBuildConfiguration;
			buildSettings = {
				ASSETCATALOG_COMPILER_APPICON_NAME = AppIcon;
				ASSETCATALOG_COMPILER_GLOBAL_ACCENT_COLOR_NAME = AccentColor;
				CODE_SIGN_STYLE = Automatic;
				CURRENT_PROJECT_VERSION = 1;
				DEVELOPMENT_ASSET_PATHS = "\"EnvironmentalJusticeReadOnly/Preview Content\"";
				DEVELOPMENT_TEAM = 5C5CMQR2CZ;
				ENABLE_PREVIEWS = YES;
				INFOPLIST_FILE = EnvironmentalJusticeReadOnly/Info.plist;
				IPHONEOS_DEPLOYMENT_TARGET = 14.0;
				LD_RUNPATH_SEARCH_PATHS = (
					"$(inherited)",
					"@executable_path/Frameworks",
				);
				MARKETING_VERSION = 1.1;
				PRODUCT_BUNDLE_IDENTIFIER = com.sasha.EnvironmentalJusticeReadOnly;
				PRODUCT_NAME = "$(TARGET_NAME)";
				SWIFT_VERSION = 5.0;
				TARGETED_DEVICE_FAMILY = 1;
			};
			name = Release;
		};
/* End XCBuildConfiguration section */

/* Begin XCConfigurationList section */
		D9F4AD2A2673C15E001FDE22 /* Build configuration list for PBXProject "EnvironmentalJusticeReadOnly" */ = {
			isa = XCConfigurationList;
			buildConfigurations = (
				D9F4AD3C2673C161001FDE22 /* Debug */,
				D9F4AD3D2673C161001FDE22 /* Release */,
			);
			defaultConfigurationIsVisible = 0;
			defaultConfigurationName = Release;
		};
		D9F4AD3E2673C161001FDE22 /* Build configuration list for PBXNativeTarget "EnvironmentalJusticeReadOnly" */ = {
			isa = XCConfigurationList;
			buildConfigurations = (
				D9F4AD3F2673C161001FDE22 /* Debug */,
				D9F4AD402673C161001FDE22 /* Release */,
			);
			defaultConfigurationIsVisible = 0;
			defaultConfigurationName = Release;
		};
/* End XCConfigurationList section */

/* Begin XCRemoteSwiftPackageReference section */
		D96E428B27FF340D001DFC84 /* XCRemoteSwiftPackageReference "firebase-ios-sdk" */ = {
			isa = XCRemoteSwiftPackageReference;
			repositoryURL = "https://github.com/firebase/firebase-ios-sdk";
			requirement = {
				kind = upToNextMajorVersion;
				minimumVersion = 8.0.0;
			};
		};
/* End XCRemoteSwiftPackageReference section */

/* Begin XCSwiftPackageProductDependency section */
		D96E428C27FF340D001DFC84 /* FirebaseAnalytics */ = {
			isa = XCSwiftPackageProductDependency;
			package = D96E428B27FF340D001DFC84 /* XCRemoteSwiftPackageReference "firebase-ios-sdk" */;
			productName = FirebaseAnalytics;
		};
		D96E428E27FF340D001DFC84 /* FirebaseAuth */ = {
			isa = XCSwiftPackageProductDependency;
			package = D96E428B27FF340D001DFC84 /* XCRemoteSwiftPackageReference "firebase-ios-sdk" */;
			productName = FirebaseAuth;
		};
		D96E429027FF340D001DFC84 /* FirebaseFirestore */ = {
			isa = XCSwiftPackageProductDependency;
			package = D96E428B27FF340D001DFC84 /* XCRemoteSwiftPackageReference "firebase-ios-sdk" */;
			productName = FirebaseFirestore;
		};
		D96E429227FF340D001DFC84 /* FirebaseFirestoreSwift-Beta */ = {
			isa = XCSwiftPackageProductDependency;
			package = D96E428B27FF340D001DFC84 /* XCRemoteSwiftPackageReference "firebase-ios-sdk" */;
			productName = "FirebaseFirestoreSwift-Beta";
		};
/* End XCSwiftPackageProductDependency section */
	};
	rootObject = D9F4AD272673C15E001FDE22 /* Project object */;
}
